// !$*UTF8*$!
{
	archiveVersion = 1;
	classes = {
	};
	objectVersion = 56;
	objects = {

/* Begin PBXBuildFile section */
		1148620428F15E6D008386F2 /* AppDelegate.swift in Sources */ = {isa = PBXBuildFile; fileRef = 1148620328F15E6D008386F2 /* AppDelegate.swift */; };
		1148620628F15E6D008386F2 /* SceneDelegate.swift in Sources */ = {isa = PBXBuildFile; fileRef = 1148620528F15E6D008386F2 /* SceneDelegate.swift */; };
		1148620828F15E6D008386F2 /* ViewController.swift in Sources */ = {isa = PBXBuildFile; fileRef = 1148620728F15E6D008386F2 /* ViewController.swift */; };
		1148620B28F15E6D008386F2 /* Main.storyboard in Resources */ = {isa = PBXBuildFile; fileRef = 1148620928F15E6D008386F2 /* Main.storyboard */; };
		1148620D28F15E6D008386F2 /* Assets.xcassets in Resources */ = {isa = PBXBuildFile; fileRef = 1148620C28F15E6D008386F2 /* Assets.xcassets */; };
		1148621028F15E6D008386F2 /* LaunchScreen.storyboard in Resources */ = {isa = PBXBuildFile; fileRef = 1148620E28F15E6D008386F2 /* LaunchScreen.storyboard */; };
		1148621928F16509008386F2 /* CurrentWeatherData.swift in Sources */ = {isa = PBXBuildFile; fileRef = 1148621828F16509008386F2 /* CurrentWeatherData.swift */; };
		1148621B28F16609008386F2 /* CurrentWeatherManager.swift in Sources */ = {isa = PBXBuildFile; fileRef = 1148621A28F16609008386F2 /* CurrentWeatherManager.swift */; };
		1148621D28F16CA8008386F2 /* HourlyWeatherData.swift in Sources */ = {isa = PBXBuildFile; fileRef = 1148621C28F16CA8008386F2 /* HourlyWeatherData.swift */; };
		1148622028F16E2B008386F2 /* HourlyWeatherManager.swift in Sources */ = {isa = PBXBuildFile; fileRef = 1148621F28F16E2B008386F2 /* HourlyWeatherManager.swift */; };
/* End PBXBuildFile section */

/* Begin PBXFileReference section */
		1148620028F15E6D008386F2 /* Weather (Test).app */ = {isa = PBXFileReference; explicitFileType = wrapper.application; includeInIndex = 0; path = "Weather (Test).app"; sourceTree = BUILT_PRODUCTS_DIR; };
		1148620328F15E6D008386F2 /* AppDelegate.swift */ = {isa = PBXFileReference; lastKnownFileType = sourcecode.swift; path = AppDelegate.swift; sourceTree = "<group>"; };
		1148620528F15E6D008386F2 /* SceneDelegate.swift */ = {isa = PBXFileReference; lastKnownFileType = sourcecode.swift; path = SceneDelegate.swift; sourceTree = "<group>"; };
		1148620728F15E6D008386F2 /* ViewController.swift */ = {isa = PBXFileReference; lastKnownFileType = sourcecode.swift; path = ViewController.swift; sourceTree = "<group>"; };
		1148620A28F15E6D008386F2 /* Base */ = {isa = PBXFileReference; lastKnownFileType = file.storyboard; name = Base; path = Base.lproj/Main.storyboard; sourceTree = "<group>"; };
		1148620C28F15E6D008386F2 /* Assets.xcassets */ = {isa = PBXFileReference; lastKnownFileType = folder.assetcatalog; path = Assets.xcassets; sourceTree = "<group>"; };
		1148620F28F15E6D008386F2 /* Base */ = {isa = PBXFileReference; lastKnownFileType = file.storyboard; name = Base; path = Base.lproj/LaunchScreen.storyboard; sourceTree = "<group>"; };
		1148621128F15E6D008386F2 /* Info.plist */ = {isa = PBXFileReference; lastKnownFileType = text.plist.xml; path = Info.plist; sourceTree = "<group>"; };
		1148621828F16509008386F2 /* CurrentWeatherData.swift */ = {isa = PBXFileReference; lastKnownFileType = sourcecode.swift; path = CurrentWeatherData.swift; sourceTree = "<group>"; };
		1148621A28F16609008386F2 /* CurrentWeatherManager.swift */ = {isa = PBXFileReference; lastKnownFileType = sourcecode.swift; path = CurrentWeatherManager.swift; sourceTree = "<group>"; };
		1148621C28F16CA8008386F2 /* HourlyWeatherData.swift */ = {isa = PBXFileReference; lastKnownFileType = sourcecode.swift; path = HourlyWeatherData.swift; sourceTree = "<group>"; };
		1148621F28F16E2B008386F2 /* HourlyWeatherManager.swift */ = {isa = PBXFileReference; lastKnownFileType = sourcecode.swift; path = HourlyWeatherManager.swift; sourceTree = "<group>"; };
/* End PBXFileReference section */

/* Begin PBXFrameworksBuildPhase section */
		114861FD28F15E6D008386F2 /* Frameworks */ = {
			isa = PBXFrameworksBuildPhase;
			buildActionMask = 2147483647;
			files = (
			);
			runOnlyForDeploymentPostprocessing = 0;
		};
/* End PBXFrameworksBuildPhase section */

/* Begin PBXGroup section */
		114861F728F15E6D008386F2 = {
			isa = PBXGroup;
			children = (
				1148620228F15E6D008386F2 /* Weather (Test) */,
				1148620128F15E6D008386F2 /* Products */,
			);
			sourceTree = "<group>";
		};
		1148620128F15E6D008386F2 /* Products */ = {
			isa = PBXGroup;
			children = (
				1148620028F15E6D008386F2 /* Weather (Test).app */,
			);
			name = Products;
			sourceTree = "<group>";
		};
		1148620228F15E6D008386F2 /* Weather (Test) */ = {
			isa = PBXGroup;
			children = (
				1148621728F1642E008386F2 /* Model */,
				1148620328F15E6D008386F2 /* AppDelegate.swift */,
				1148620528F15E6D008386F2 /* SceneDelegate.swift */,
				1148620728F15E6D008386F2 /* ViewController.swift */,
				1148620928F15E6D008386F2 /* Main.storyboard */,
				1148620C28F15E6D008386F2 /* Assets.xcassets */,
				1148620E28F15E6D008386F2 /* LaunchScreen.storyboard */,
				1148621128F15E6D008386F2 /* Info.plist */,
			);
			path = "Weather (Test)";
			sourceTree = "<group>";
		};
		1148621728F1642E008386F2 /* Model */ = {
			isa = PBXGroup;
			children = (
				1148621E28F16E16008386F2 /* Current */,
				1148622128F16E32008386F2 /* Hourly */,
			);
			path = Model;
			sourceTree = "<group>";
		};
		1148621E28F16E16008386F2 /* Current */ = {
			isa = PBXGroup;
			children = (
				1148621828F16509008386F2 /* CurrentWeatherData.swift */,
				1148621A28F16609008386F2 /* CurrentWeatherManager.swift */,
			);
			path = Current;
			sourceTree = "<group>";
		};
		1148622128F16E32008386F2 /* Hourly */ = {
			isa = PBXGroup;
			children = (
				1148621C28F16CA8008386F2 /* HourlyWeatherData.swift */,
				1148621F28F16E2B008386F2 /* HourlyWeatherManager.swift */,
			);
			path = Hourly;
			sourceTree = "<group>";
		};
/* End PBXGroup section */

/* Begin PBXNativeTarget section */
		114861FF28F15E6D008386F2 /* Weather (Test) */ = {
			isa = PBXNativeTarget;
			buildConfigurationList = 1148621428F15E6D008386F2 /* Build configuration list for PBXNativeTarget "Weather (Test)" */;
			buildPhases = (
				114861FC28F15E6D008386F2 /* Sources */,
				114861FD28F15E6D008386F2 /* Frameworks */,
				114861FE28F15E6D008386F2 /* Resources */,
			);
			buildRules = (
			);
			dependencies = (
			);
			name = "Weather (Test)";
			productName = "Weather (Test)";
			productReference = 1148620028F15E6D008386F2 /* Weather (Test).app */;
			productType = "com.apple.product-type.application";
		};
/* End PBXNativeTarget section */

/* Begin PBXProject section */
		114861F828F15E6D008386F2 /* Project object */ = {
			isa = PBXProject;
			attributes = {
				BuildIndependentTargetsInParallel = 1;
				LastSwiftUpdateCheck = 1400;
				LastUpgradeCheck = 1400;
				TargetAttributes = {
					114861FF28F15E6D008386F2 = {
						CreatedOnToolsVersion = 14.0;
					};
				};
			};
			buildConfigurationList = 114861FB28F15E6D008386F2 /* Build configuration list for PBXProject "Weather (Test)" */;
			compatibilityVersion = "Xcode 14.0";
			developmentRegion = en;
			hasScannedForEncodings = 0;
			knownRegions = (
				en,
				Base,
			);
			mainGroup = 114861F728F15E6D008386F2;
			productRefGroup = 1148620128F15E6D008386F2 /* Products */;
			projectDirPath = "";
			projectRoot = "";
			targets = (
				114861FF28F15E6D008386F2 /* Weather (Test) */,
			);
		};
/* End PBXProject section */

/* Begin PBXResourcesBuildPhase section */
		114861FE28F15E6D008386F2 /* Resources */ = {
			isa = PBXResourcesBuildPhase;
			buildActionMask = 2147483647;
			files = (
				1148621028F15E6D008386F2 /* LaunchScreen.storyboard in Resources */,
				1148620D28F15E6D008386F2 /* Assets.xcassets in Resources */,
				1148620B28F15E6D008386F2 /* Main.storyboard in Resources */,
			);
			runOnlyForDeploymentPostprocessing = 0;
		};
/* End PBXResourcesBuildPhase section */

/* Begin PBXSourcesBuildPhase section */
		114861FC28F15E6D008386F2 /* Sources */ = {
			isa = PBXSourcesBuildPhase;
			buildActionMask = 2147483647;
			files = (
				1148621928F16509008386F2 /* CurrentWeatherData.swift in Sources */,
				1148620828F15E6D008386F2 /* ViewController.swift in Sources */,
				1148620428F15E6D008386F2 /* AppDelegate.swift in Sources */,
				1148620628F15E6D008386F2 /* SceneDelegate.swift in Sources */,
				1148622028F16E2B008386F2 /* HourlyWeatherManager.swift in Sources */,
				1148621B28F16609008386F2 /* CurrentWeatherManager.swift in Sources */,
				1148621D28F16CA8008386F2 /* HourlyWeatherData.swift in Sources */,
			);
			runOnlyForDeploymentPostprocessing = 0;
		};
/* End PBXSourcesBuildPhase section */

/* Begin PBXVariantGroup section */
		1148620928F15E6D008386F2 /* Main.storyboard */ = {
			isa = PBXVariantGroup;
			children = (
				1148620A28F15E6D008386F2 /* Base */,
			);
			name = Main.storyboard;
			sourceTree = "<group>";
		};
		1148620E28F15E6D008386F2 /* LaunchScreen.storyboard */ = {
			isa = PBXVariantGroup;
			children = (
				1148620F28F15E6D008386F2 /* Base */,
			);
			name = LaunchScreen.storyboard;
			sourceTree = "<group>";
		};
/* End PBXVariantGroup section */

/* Begin XCBuildConfiguration section */
		1148621228F15E6D008386F2 /* Debug */ = {
			isa = XCBuildConfiguration;
			buildSettings = {
				ALWAYS_SEARCH_USER_PATHS = NO;
				CLANG_ANALYZER_NONNULL = YES;
				CLANG_ANALYZER_NUMBER_OBJECT_CONVERSION = YES_AGGRESSIVE;
				CLANG_CXX_LANGUAGE_STANDARD = "gnu++20";
				CLANG_ENABLE_MODULES = YES;
				CLANG_ENABLE_OBJC_ARC = YES;
				CLANG_ENABLE_OBJC_WEAK = YES;
				CLANG_WARN_BLOCK_CAPTURE_AUTORELEASING = YES;
				CLANG_WARN_BOOL_CONVERSION = YES;
				CLANG_WARN_COMMA = YES;
				CLANG_WARN_CONSTANT_CONVERSION = YES;
				CLANG_WARN_DEPRECATED_OBJC_IMPLEMENTATIONS = YES;
				CLANG_WARN_DIRECT_OBJC_ISA_USAGE = YES_ERROR;
				CLANG_WARN_DOCUMENTATION_COMMENTS = YES;
				CLANG_WARN_EMPTY_BODY = YES;
				CLANG_WARN_ENUM_CONVERSION = YES;
				CLANG_WARN_INFINITE_RECURSION = YES;
				CLANG_WARN_INT_CONVERSION = YES;
				CLANG_WARN_NON_LITERAL_NULL_CONVERSION = YES;
				CLANG_WARN_OBJC_IMPLICIT_RETAIN_SELF = YES;
				CLANG_WARN_OBJC_LITERAL_CONVERSION = YES;
				CLANG_WARN_OBJC_ROOT_CLASS = YES_ERROR;
				CLANG_WARN_QUOTED_INCLUDE_IN_FRAMEWORK_HEADER = YES;
				CLANG_WARN_RANGE_LOOP_ANALYSIS = YES;
				CLANG_WARN_STRICT_PROTOTYPES = YES;
				CLANG_WARN_SUSPICIOUS_MOVE = YES;
				CLANG_WARN_UNGUARDED_AVAILABILITY = YES_AGGRESSIVE;
				CLANG_WARN_UNREACHABLE_CODE = YES;
				CLANG_WARN__DUPLICATE_METHOD_MATCH = YES;
				COPY_PHASE_STRIP = NO;
				DEBUG_INFORMATION_FORMAT = dwarf;
				ENABLE_STRICT_OBJC_MSGSEND = YES;
				ENABLE_TESTABILITY = YES;
				GCC_C_LANGUAGE_STANDARD = gnu11;
				GCC_DYNAMIC_NO_PIC = NO;
				GCC_NO_COMMON_BLOCKS = YES;
				GCC_OPTIMIZATION_LEVEL = 0;
				GCC_PREPROCESSOR_DEFINITIONS = (
					"DEBUG=1",
					"$(inherited)",
				);
				GCC_WARN_64_TO_32_BIT_CONVERSION = YES;
				GCC_WARN_ABOUT_RETURN_TYPE = YES_ERROR;
				GCC_WARN_UNDECLARED_SELECTOR = YES;
				GCC_WARN_UNINITIALIZED_AUTOS = YES_AGGRESSIVE;
				GCC_WARN_UNUSED_FUNCTION = YES;
				GCC_WARN_UNUSED_VARIABLE = YES;
				IPHONEOS_DEPLOYMENT_TARGET = 16.0;
				MTL_ENABLE_DEBUG_INFO = INCLUDE_SOURCE;
				MTL_FAST_MATH = YES;
				ONLY_ACTIVE_ARCH = YES;
				SDKROOT = iphoneos;
				SWIFT_ACTIVE_COMPILATION_CONDITIONS = DEBUG;
				SWIFT_OPTIMIZATION_LEVEL = "-Onone";
			};
			name = Debug;
		};
		1148621328F15E6D008386F2 /* Release */ = {
			isa = XCBuildConfiguration;
			buildSettings = {
				ALWAYS_SEARCH_USER_PATHS = NO;
				CLANG_ANALYZER_NONNULL = YES;
				CLANG_ANALYZER_NUMBER_OBJECT_CONVERSION = YES_AGGRESSIVE;
				CLANG_CXX_LANGUAGE_STANDARD = "gnu++20";
				CLANG_ENABLE_MODULES = YES;
				CLANG_ENABLE_OBJC_ARC = YES;
				CLANG_ENABLE_OBJC_WEAK = YES;
				CLANG_WARN_BLOCK_CAPTURE_AUTORELEASING = YES;
				CLANG_WARN_BOOL_CONVERSION = YES;
				CLANG_WARN_COMMA = YES;
				CLANG_WARN_CONSTANT_CONVERSION = YES;
				CLANG_WARN_DEPRECATED_OBJC_IMPLEMENTATIONS = YES;
				CLANG_WARN_DIRECT_OBJC_ISA_USAGE = YES_ERROR;
				CLANG_WARN_DOCUMENTATION_COMMENTS = YES;
				CLANG_WARN_EMPTY_BODY = YES;
				CLANG_WARN_ENUM_CONVERSION = YES;
				CLANG_WARN_INFINITE_RECURSION = YES;
				CLANG_WARN_INT_CONVERSION = YES;
				CLANG_WARN_NON_LITERAL_NULL_CONVERSION = YES;
				CLANG_WARN_OBJC_IMPLICIT_RETAIN_SELF = YES;
				CLANG_WARN_OBJC_LITERAL_CONVERSION = YES;
				CLANG_WARN_OBJC_ROOT_CLASS = YES_ERROR;
				CLANG_WARN_QUOTED_INCLUDE_IN_FRAMEWORK_HEADER = YES;
				CLANG_WARN_RANGE_LOOP_ANALYSIS = YES;
				CLANG_WARN_STRICT_PROTOTYPES = YES;
				CLANG_WARN_SUSPICIOUS_MOVE = YES;
				CLANG_WARN_UNGUARDED_AVAILABILITY = YES_AGGRESSIVE;
				CLANG_WARN_UNREACHABLE_CODE = YES;
				CLANG_WARN__DUPLICATE_METHOD_MATCH = YES;
				COPY_PHASE_STRIP = NO;
				DEBUG_INFORMATION_FORMAT = "dwarf-with-dsym";
				ENABLE_NS_ASSERTIONS = NO;
				ENABLE_STRICT_OBJC_MSGSEND = YES;
				GCC_C_LANGUAGE_STANDARD = gnu11;
				GCC_NO_COMMON_BLOCKS = YES;
				GCC_WARN_64_TO_32_BIT_CONVERSION = YES;
				GCC_WARN_ABOUT_RETURN_TYPE = YES_ERROR;
				GCC_WARN_UNDECLARED_SELECTOR = YES;
				GCC_WARN_UNINITIALIZED_AUTOS = YES_AGGRESSIVE;
				GCC_WARN_UNUSED_FUNCTION = YES;
				GCC_WARN_UNUSED_VARIABLE = YES;
				IPHONEOS_DEPLOYMENT_TARGET = 16.0;
				MTL_ENABLE_DEBUG_INFO = NO;
				MTL_FAST_MATH = YES;
				SDKROOT = iphoneos;
				SWIFT_COMPILATION_MODE = wholemodule;
				SWIFT_OPTIMIZATION_LEVEL = "-O";
				VALIDATE_PRODUCT = YES;
			};
			name = Release;
		};
		1148621528F15E6D008386F2 /* Debug */ = {
			isa = XCBuildConfiguration;
			buildSettings = {
				ASSETCATALOG_COMPILER_APPICON_NAME = AppIcon;
				ASSETCATALOG_COMPILER_GLOBAL_ACCENT_COLOR_NAME = AccentColor;
				CODE_SIGN_STYLE = Automatic;
				CURRENT_PROJECT_VERSION = 1;
				DEVELOPMENT_TEAM = KS74W7M7ZU;
				GENERATE_INFOPLIST_FILE = YES;
				INFOPLIST_FILE = "Weather (Test)/Info.plist";
				INFOPLIST_KEY_UIApplicationSupportsIndirectInputEvents = YES;
				INFOPLIST_KEY_UILaunchStoryboardName = LaunchScreen;
				INFOPLIST_KEY_UIMainStoryboardFile = Main;
				INFOPLIST_KEY_UISupportedInterfaceOrientations_iPad = "UIInterfaceOrientationPortrait UIInterfaceOrientationPortraitUpsideDown UIInterfaceOrientationLandscapeLeft UIInterfaceOrientationLandscapeRight";
				INFOPLIST_KEY_UISupportedInterfaceOrientations_iPhone = "UIInterfaceOrientationPortrait UIInterfaceOrientationLandscapeLeft UIInterfaceOrientationLandscapeRight";
				LD_RUNPATH_SEARCH_PATHS = (
					"$(inherited)",
					"@executable_path/Frameworks",
				);
				MARKETING_VERSION = 1.0;
				PRODUCT_BUNDLE_IDENTIFIER = "nktshklv.Weather--Test-";
				PRODUCT_NAME = "$(TARGET_NAME)";
				SWIFT_EMIT_LOC_STRINGS = YES;
				SWIFT_VERSION = 5.0;
				TARGETED_DEVICE_FAMILY = "1,2";
			};
			name = Debug;
		};
		1148621628F15E6D008386F2 /* Release */ = {
			isa = XCBuildConfiguration;
			buildSettings = {
				ASSETCATALOG_COMPILER_APPICON_NAME = AppIcon;
				ASSETCATALOG_COMPILER_GLOBAL_ACCENT_COLOR_NAME = AccentColor;
				CODE_SIGN_STYLE = Automatic;
				CURRENT_PROJECT_VERSION = 1;
				DEVELOPMENT_TEAM = KS74W7M7ZU;
				GENERATE_INFOPLIST_FILE = YES;
				INFOPLIST_FILE = "Weather (Test)/Info.plist";
				INFOPLIST_KEY_UIApplicationSupportsIndirectInputEvents = YES;
				INFOPLIST_KEY_UILaunchStoryboardName = LaunchScreen;
				INFOPLIST_KEY_UIMainStoryboardFile = Main;
				INFOPLIST_KEY_UISupportedInterfaceOrientations_iPad = "UIInterfaceOrientationPortrait UIInterfaceOrientationPortraitUpsideDown UIInterfaceOrientationLandscapeLeft UIInterfaceOrientationLandscapeRight";
				INFOPLIST_KEY_UISupportedInterfaceOrientations_iPhone = "UIInterfaceOrientationPortrait UIInterfaceOrientationLandscapeLeft UIInterfaceOrientationLandscapeRight";
				LD_RUNPATH_SEARCH_PATHS = (
					"$(inherited)",
					"@executable_path/Frameworks",
				);
				MARKETING_VERSION = 1.0;
				PRODUCT_BUNDLE_IDENTIFIER = "nktshklv.Weather--Test-";
				PRODUCT_NAME = "$(TARGET_NAME)";
				SWIFT_EMIT_LOC_STRINGS = YES;
				SWIFT_VERSION = 5.0;
				TARGETED_DEVICE_FAMILY = "1,2";
			};
			name = Release;
		};
/* End XCBuildConfiguration section */

/* Begin XCConfigurationList section */
		114861FB28F15E6D008386F2 /* Build configuration list for PBXProject "Weather (Test)" */ = {
			isa = XCConfigurationList;
			buildConfigurations = (
				1148621228F15E6D008386F2 /* Debug */,
				1148621328F15E6D008386F2 /* Release */,
			);
			defaultConfigurationIsVisible = 0;
			defaultConfigurationName = Release;
		};
		1148621428F15E6D008386F2 /* Build configuration list for PBXNativeTarget "Weather (Test)" */ = {
			isa = XCConfigurationList;
			buildConfigurations = (
				1148621528F15E6D008386F2 /* Debug */,
				1148621628F15E6D008386F2 /* Release */,
			);
			defaultConfigurationIsVisible = 0;
			defaultConfigurationName = Release;
		};
/* End XCConfigurationList section */
	};
	rootObject = 114861F828F15E6D008386F2 /* Project object */;
}
